---

- name: wait until the image is unlocked by the oVirt engine
  ovirt.ovirt.ovirt_disk_info:
    auth: "{{ ovirt_auth }}"
    pattern: "name={% if item.name_prefix | default(false) %}{{ template.name }}_{% endif %}{{ item.name }}"
  register: ovirt_disk_info
  until: (ovirt_disk_info.ovirt_disks is defined) and (ovirt_disk_info.ovirt_disks | length > 0) and (ovirt_disk_info.ovirt_disks[0].status != "locked")
  retries: 10
  delay: 3
  loop: "{{ template.disks }}"